
Microsoft Visual Studio Solution File, Format Version 12.00
# Visual Studio Version 17
VisualStudioVersion = 17.13.35913.81 d17.13
MinimumVisualStudioVersion = 10.0.40219.1
Project("{FAE04EC0-301F-11D3-BF4B-00C04F79EFBC}") = "Filminurk", "Filminurk\Filminurk.csproj", "{4BF76051-3C4D-4CA9-8F7C-AB37DF3DC8C1}"
EndProject
Project("{FAE04EC0-301F-11D3-BF4B-00C04F79EFBC}") = "Filminurk.Data", "Filminurk.Data\Filminurk.Data.csproj", "{ED15A140-A25E-4C2E-AC1A-84242D328EBC}"
EndProject
Project("{FAE04EC0-301F-11D3-BF4B-00C04F79EFBC}") = "Filminurk.Core", "Filminurk.Core\Filminurk.Core.csproj", "{429CABFE-FC63-4EC5-AEC9-803A1614BBD9}"
EndProject
Project("{FAE04EC0-301F-11D3-BF4B-00C04F79EFBC}") = "Filminurk.ApplicationServices", "Filminurk.ApplicationServices\Filminurk.ApplicationServices.csproj", "{3980A091-5B17-4646-9461-88005B0CEAD8}"
EndProject
Global
	GlobalSection(SolutionConfigurationPlatforms) = preSolution
		Debug|Any CPU = Debug|Any CPU
		Release|Any CPU = Release|Any CPU
	EndGlobalSection
	GlobalSection(ProjectConfigurationPlatforms) = postSolution
		{4BF76051-3C4D-4CA9-8F7C-AB37DF3DC8C1}.Debug|Any CPU.ActiveCfg = Debug|Any CPU
		{4BF76051-3C4D-4CA9-8F7C-AB37DF3DC8C1}.Debug|Any CPU.Build.0 = Debug|Any CPU
		{4BF76051-3C4D-4CA9-8F7C-AB37DF3DC8C1}.Release|Any CPU.ActiveCfg = Release|Any CPU
		{4BF76051-3C4D-4CA9-8F7C-AB37DF3DC8C1}.Release|Any CPU.Build.0 = Release|Any CPU
		{ED15A140-A25E-4C2E-AC1A-84242D328EBC}.Debug|Any CPU.ActiveCfg = Debug|Any CPU
		{ED15A140-A25E-4C2E-AC1A-84242D328EBC}.Debug|Any CPU.Build.0 = Debug|Any CPU
		{ED15A140-A25E-4C2E-AC1A-84242D328EBC}.Release|Any CPU.ActiveCfg = Release|Any CPU
		{ED15A140-A25E-4C2E-AC1A-84242D328EBC}.Release|Any CPU.Build.0 = Release|Any CPU
		{429CABFE-FC63-4EC5-AEC9-803A1614BBD9}.Debug|Any CPU.ActiveCfg = Debug|Any CPU
		{429CABFE-FC63-4EC5-AEC9-803A1614BBD9}.Debug|Any CPU.Build.0 = Debug|Any CPU
		{429CABFE-FC63-4EC5-AEC9-803A1614BBD9}.Release|Any CPU.ActiveCfg = Release|Any CPU
		{429CABFE-FC63-4EC5-AEC9-803A1614BBD9}.Release|Any CPU.Build.0 = Release|Any CPU
		{3980A091-5B17-4646-9461-88005B0CEAD8}.Debug|Any CPU.ActiveCfg = Debug|Any CPU
		{3980A091-5B17-4646-9461-88005B0CEAD8}.Debug|Any CPU.Build.0 = Debug|Any CPU
		{3980A091-5B17-4646-9461-88005B0CEAD8}.Release|Any CPU.ActiveCfg = Release|Any CPU
		{3980A091-5B17-4646-9461-88005B0CEAD8}.Release|Any CPU.Build.0 = Release|Any CPU
	EndGlobalSection
	GlobalSection(SolutionProperties) = preSolution
		HideSolutionNode = FALSE
	EndGlobalSection
	GlobalSection(ExtensibilityGlobals) = postSolution
		SolutionGuid = {4CE9DD99-C881-4823-938A-D9CA122D9D4C}
	EndGlobalSection
EndGlobal
