
Microsoft Visual Studio Solution File, Format Version 12.00
# Visual Studio Version 17
VisualStudioVersion = 17.14.36511.14 d17.14
MinimumVisualStudioVersion = 10.0.40219.1
Project("{FAE04EC0-301F-11D3-BF4B-00C04F79EFBC}") = "Filminurk", "Filminurk.csproj", "{055015D7-EF15-0D9F-DDC1-8801FE409185}"
EndProject
Project("{FAE04EC0-301F-11D3-BF4B-00C04F79EFBC}") = "Filminurk.ApplicationServices", "..\Filminurk.ApplicationServices\Filminurk.ApplicationServices.csproj", "{1819FD6B-B2A1-2BED-AF0C-878D9D1687DB}"
EndProject
Project("{FAE04EC0-301F-11D3-BF4B-00C04F79EFBC}") = "Filminurk.Core", "..\Filminurk.Core\Filminurk.Core.csproj", "{2AF068FE-8392-DCCA-B974-ACF4F2E73D1E}"
EndProject
Project("{FAE04EC0-301F-11D3-BF4B-00C04F79EFBC}") = "Filminurk.Data", "..\Filminurk.Data\Filminurk.Data.csproj", "{FB88024F-FD4A-B1D7-F7D5-AFD97DC7DA6A}"
EndProject
Global
	GlobalSection(SolutionConfigurationPlatforms) = preSolution
		Debug|Any CPU = Debug|Any CPU
		Release|Any CPU = Release|Any CPU
	EndGlobalSection
	GlobalSection(ProjectConfigurationPlatforms) = postSolution
		{055015D7-EF15-0D9F-DDC1-8801FE409185}.Debug|Any CPU.ActiveCfg = Debug|Any CPU
		{055015D7-EF15-0D9F-DDC1-8801FE409185}.Debug|Any CPU.Build.0 = Debug|Any CPU
		{055015D7-EF15-0D9F-DDC1-8801FE409185}.Release|Any CPU.ActiveCfg = Release|Any CPU
		{055015D7-EF15-0D9F-DDC1-8801FE409185}.Release|Any CPU.Build.0 = Release|Any CPU
		{1819FD6B-B2A1-2BED-AF0C-878D9D1687DB}.Debug|Any CPU.ActiveCfg = Debug|Any CPU
		{1819FD6B-B2A1-2BED-AF0C-878D9D1687DB}.Debug|Any CPU.Build.0 = Debug|Any CPU
		{1819FD6B-B2A1-2BED-AF0C-878D9D1687DB}.Release|Any CPU.ActiveCfg = Release|Any CPU
		{1819FD6B-B2A1-2BED-AF0C-878D9D1687DB}.Release|Any CPU.Build.0 = Release|Any CPU
		{2AF068FE-8392-DCCA-B974-ACF4F2E73D1E}.Debug|Any CPU.ActiveCfg = Debug|Any CPU
		{2AF068FE-8392-DCCA-B974-ACF4F2E73D1E}.Debug|Any CPU.Build.0 = Debug|Any CPU
		{2AF068FE-8392-DCCA-B974-ACF4F2E73D1E}.Release|Any CPU.ActiveCfg = Release|Any CPU
		{2AF068FE-8392-DCCA-B974-ACF4F2E73D1E}.Release|Any CPU.Build.0 = Release|Any CPU
		{FB88024F-FD4A-B1D7-F7D5-AFD97DC7DA6A}.Debug|Any CPU.ActiveCfg = Debug|Any CPU
		{FB88024F-FD4A-B1D7-F7D5-AFD97DC7DA6A}.Debug|Any CPU.Build.0 = Debug|Any CPU
		{FB88024F-FD4A-B1D7-F7D5-AFD97DC7DA6A}.Release|Any CPU.ActiveCfg = Release|Any CPU
		{FB88024F-FD4A-B1D7-F7D5-AFD97DC7DA6A}.Release|Any CPU.Build.0 = Release|Any CPU
	EndGlobalSection
	GlobalSection(SolutionProperties) = preSolution
		HideSolutionNode = FALSE
	EndGlobalSection
	GlobalSection(ExtensibilityGlobals) = postSolution
		SolutionGuid = {1B8DE8FF-CACD-4687-978B-F33072C20183}
	EndGlobalSection
EndGlobal
